// !$*UTF8*$!
{
	archiveVersion = 1;
	classes = {
	};
	objectVersion = 54;
	objects = {

/* Begin PBXBuildFile section */
		00E356F31AD99517003FC87E /* AppTestHospitalTests.m in Sources */ = {isa = PBXBuildFile; fileRef = 00E356F21AD99517003FC87E /* AppTestHospitalTests.m */; };
		0BE60F63A5FD441DA152009B /* Kanit-Black.ttf in Resources */ = {isa = PBXBuildFile; fileRef = E661A7B117DD49E88516FB6D /* Kanit-Black.ttf */; };
		0C80B921A6F3F58F76C31292 /* libPods-AppTestHospital.a in Frameworks */ = {isa = PBXBuildFile; fileRef = 5DCACB8F33CDC322A6C60F78 /* libPods-AppTestHospital.a */; };
		0D6D86CFFCD345F78B770A89 /* Kanit-ExtraLight.ttf in Resources */ = {isa = PBXBuildFile; fileRef = E013875E99954A91A7A21F75 /* Kanit-ExtraLight.ttf */; };
		13B07FBC1A68108700A75B9A /* AppDelegate.mm in Sources */ = {isa = PBXBuildFile; fileRef = 13B07FB01A68108700A75B9A /* AppDelegate.mm */; };
		13B07FBF1A68108700A75B9A /* Images.xcassets in Resources */ = {isa = PBXBuildFile; fileRef = 13B07FB51A68108700A75B9A /* Images.xcassets */; };
		13B07FC11A68108700A75B9A /* main.m in Sources */ = {isa = PBXBuildFile; fileRef = 13B07FB71A68108700A75B9A /* main.m */; };
		14ECDDCD1A7B45C98FB8EC3A /* Kanit-ExtraBold.ttf in Resources */ = {isa = PBXBuildFile; fileRef = B1147EEE95914EE3A7BCFC26 /* Kanit-ExtraBold.ttf */; };
		189599452CF0E1D700C0DDB4 /* FontAwesome5_Brands 2.ttf in Resources */ = {isa = PBXBuildFile; fileRef = 189599372CF0E1D700C0DDB4 /* FontAwesome5_Brands 2.ttf */; };
		189599462CF0E1D700C0DDB4 /* AntDesign 2.ttf in Resources */ = {isa = PBXBuildFile; fileRef = 189599322CF0E1D700C0DDB4 /* AntDesign 2.ttf */; };
		189599472CF0E1D700C0DDB4 /* FontAwesome5_Regular 2.ttf in Resources */ = {isa = PBXBuildFile; fileRef = 189599382CF0E1D700C0DDB4 /* FontAwesome5_Regular 2.ttf */; };
		189599482CF0E1D700C0DDB4 /* FontAwesome6_Regular 2.ttf in Resources */ = {isa = PBXBuildFile; fileRef = 1895993B2CF0E1D700C0DDB4 /* FontAwesome6_Regular 2.ttf */; };
		189599492CF0E1D700C0DDB4 /* FontAwesome6_Solid 2.ttf in Resources */ = {isa = PBXBuildFile; fileRef = 1895993C2CF0E1D700C0DDB4 /* FontAwesome6_Solid 2.ttf */; };
		1895994A2CF0E1D700C0DDB4 /* MaterialIcons 2.ttf in Resources */ = {isa = PBXBuildFile; fileRef = 189599412CF0E1D700C0DDB4 /* MaterialIcons 2.ttf */; };
		1895994B2CF0E1D700C0DDB4 /* FontAwesome6_Brands 2.ttf in Resources */ = {isa = PBXBuildFile; fileRef = 1895993A2CF0E1D700C0DDB4 /* FontAwesome6_Brands 2.ttf */; };
		1895994C2CF0E1D700C0DDB4 /* Octicons 2.ttf in Resources */ = {isa = PBXBuildFile; fileRef = 189599422CF0E1D700C0DDB4 /* Octicons 2.ttf */; };
		1895994D2CF0E1D700C0DDB4 /* MaterialCommunityIcons 2.ttf in Resources */ = {isa = PBXBuildFile; fileRef = 189599402CF0E1D700C0DDB4 /* MaterialCommunityIcons 2.ttf */; };
		1895994E2CF0E1D700C0DDB4 /* Foundation 2.ttf in Resources */ = {isa = PBXBuildFile; fileRef = 1895993E2CF0E1D700C0DDB4 /* Foundation 2.ttf */; };
		1895994F2CF0E1D700C0DDB4 /* Feather 2.ttf in Resources */ = {isa = PBXBuildFile; fileRef = 189599352CF0E1D700C0DDB4 /* Feather 2.ttf */; };
		189599502CF0E1D700C0DDB4 /* FontAwesome 2.ttf in Resources */ = {isa = PBXBuildFile; fileRef = 189599362CF0E1D700C0DDB4 /* FontAwesome 2.ttf */; };
		189599512CF0E1D700C0DDB4 /* Ionicons 2.ttf in Resources */ = {isa = PBXBuildFile; fileRef = 1895993F2CF0E1D700C0DDB4 /* Ionicons 2.ttf */; };
		189599522CF0E1D700C0DDB4 /* SimpleLineIcons 2.ttf in Resources */ = {isa = PBXBuildFile; fileRef = 189599432CF0E1D700C0DDB4 /* SimpleLineIcons 2.ttf */; };
		189599532CF0E1D700C0DDB4 /* Fontisto 2.ttf in Resources */ = {isa = PBXBuildFile; fileRef = 1895993D2CF0E1D700C0DDB4 /* Fontisto 2.ttf */; };
		189599542CF0E1D700C0DDB4 /* Zocial 2.ttf in Resources */ = {isa = PBXBuildFile; fileRef = 189599442CF0E1D700C0DDB4 /* Zocial 2.ttf */; };
		189599552CF0E1D700C0DDB4 /* FontAwesome5_Solid 2.ttf in Resources */ = {isa = PBXBuildFile; fileRef = 189599392CF0E1D700C0DDB4 /* FontAwesome5_Solid 2.ttf */; };
		189599562CF0E1D700C0DDB4 /* EvilIcons 2.ttf in Resources */ = {isa = PBXBuildFile; fileRef = 189599342CF0E1D700C0DDB4 /* EvilIcons 2.ttf */; };
		189599572CF0E1D700C0DDB4 /* Entypo 2.ttf in Resources */ = {isa = PBXBuildFile; fileRef = 189599332CF0E1D700C0DDB4 /* Entypo 2.ttf */; };
		1895996B2CF0E1EC00C0DDB4 /* Kanit-Black 2.ttf in Resources */ = {isa = PBXBuildFile; fileRef = 189599582CF0E1EC00C0DDB4 /* Kanit-Black 2.ttf */; };
		1895996C2CF0E1EC00C0DDB4 /* Kanit-ExtraLightItalic 2.ttf in Resources */ = {isa = PBXBuildFile; fileRef = 1895995F2CF0E1EC00C0DDB4 /* Kanit-ExtraLightItalic 2.ttf */; };
		1895996D2CF0E1EC00C0DDB4 /* Kanit-ExtraBold 2.ttf in Resources */ = {isa = PBXBuildFile; fileRef = 1895995C2CF0E1EC00C0DDB4 /* Kanit-ExtraBold 2.ttf */; };
		1895996E2CF0E1EC00C0DDB4 /* Kanit-Regular 2.ttf in Resources */ = {isa = PBXBuildFile; fileRef = 189599652CF0E1EC00C0DDB4 /* Kanit-Regular 2.ttf */; };
		1895996F2CF0E1EC00C0DDB4 /* Kanit-SemiBoldItalic 2.ttf in Resources */ = {isa = PBXBuildFile; fileRef = 189599672CF0E1EC00C0DDB4 /* Kanit-SemiBoldItalic 2.ttf */; };
		189599702CF0E1EC00C0DDB4 /* Kanit-BoldItalic 2.ttf in Resources */ = {isa = PBXBuildFile; fileRef = 1895995B2CF0E1EC00C0DDB4 /* Kanit-BoldItalic 2.ttf */; };
		189599712CF0E1EC00C0DDB4 /* Kanit-SemiBold 2.ttf in Resources */ = {isa = PBXBuildFile; fileRef = 189599662CF0E1EC00C0DDB4 /* Kanit-SemiBold 2.ttf */; };
		189599722CF0E1EC00C0DDB4 /* Kanit-Thin 2.ttf in Resources */ = {isa = PBXBuildFile; fileRef = 189599682CF0E1EC00C0DDB4 /* Kanit-Thin 2.ttf */; };
		189599732CF0E1EC00C0DDB4 /* OFL 2.txt in Resources */ = {isa = PBXBuildFile; fileRef = 1895996A2CF0E1EC00C0DDB4 /* OFL 2.txt */; };
		189599742CF0E1EC00C0DDB4 /* Kanit-ThinItalic 2.ttf in Resources */ = {isa = PBXBuildFile; fileRef = 189599692CF0E1EC00C0DDB4 /* Kanit-ThinItalic 2.ttf */; };
		189599752CF0E1EC00C0DDB4 /* Kanit-Light 2.ttf in Resources */ = {isa = PBXBuildFile; fileRef = 189599612CF0E1EC00C0DDB4 /* Kanit-Light 2.ttf */; };
		189599762CF0E1EC00C0DDB4 /* Kanit-MediumItalic 2.ttf in Resources */ = {isa = PBXBuildFile; fileRef = 189599642CF0E1EC00C0DDB4 /* Kanit-MediumItalic 2.ttf */; };
		189599772CF0E1EC00C0DDB4 /* Kanit-LightItalic 2.ttf in Resources */ = {isa = PBXBuildFile; fileRef = 189599622CF0E1EC00C0DDB4 /* Kanit-LightItalic 2.ttf */; };
		189599782CF0E1EC00C0DDB4 /* Kanit-Bold 2.ttf in Resources */ = {isa = PBXBuildFile; fileRef = 1895995A2CF0E1EC00C0DDB4 /* Kanit-Bold 2.ttf */; };
		189599792CF0E1EC00C0DDB4 /* Kanit-Italic 2.ttf in Resources */ = {isa = PBXBuildFile; fileRef = 189599602CF0E1EC00C0DDB4 /* Kanit-Italic 2.ttf */; };
		1895997A2CF0E1EC00C0DDB4 /* Kanit-Medium 2.ttf in Resources */ = {isa = PBXBuildFile; fileRef = 189599632CF0E1EC00C0DDB4 /* Kanit-Medium 2.ttf */; };
		1895997B2CF0E1EC00C0DDB4 /* Kanit-BlackItalic 2.ttf in Resources */ = {isa = PBXBuildFile; fileRef = 189599592CF0E1EC00C0DDB4 /* Kanit-BlackItalic 2.ttf */; };
		1895997C2CF0E1EC00C0DDB4 /* Kanit-ExtraBoldItalic 2.ttf in Resources */ = {isa = PBXBuildFile; fileRef = 1895995D2CF0E1EC00C0DDB4 /* Kanit-ExtraBoldItalic 2.ttf */; };
		1895997D2CF0E1EC00C0DDB4 /* Kanit-ExtraLight 2.ttf in Resources */ = {isa = PBXBuildFile; fileRef = 1895995E2CF0E1EC00C0DDB4 /* Kanit-ExtraLight 2.ttf */; };
		1F948FFBA8904C25AEF619AD /* Kanit-Bold.ttf in Resources */ = {isa = PBXBuildFile; fileRef = 467A42A686954A688DD58E95 /* Kanit-Bold.ttf */; };
		21AA9349F54440F199365375 /* Roboto-LightItalic.ttf in Resources */ = {isa = PBXBuildFile; fileRef = 5171FED0ED2F43038ADCF0D0 /* Roboto-LightItalic.ttf */; };
		244BB6CAF0C54CC19F394BD7 /* Roboto-Black.ttf in Resources */ = {isa = PBXBuildFile; fileRef = B387F6C826284A57AC39581E /* Roboto-Black.ttf */; };
		315E803F580941BBB4824452 /* Kanit-Regular.ttf in Resources */ = {isa = PBXBuildFile; fileRef = 00D187B81C7E4723AA942362 /* Kanit-Regular.ttf */; };
		318EFF782FFA4AAEB7A2489E /* Roboto-BlackItalic.ttf in Resources */ = {isa = PBXBuildFile; fileRef = 2F0DDDC1462C43939D6D6480 /* Roboto-BlackItalic.ttf */; };
		36AF4E24248F4B3A950EB93D /* Kanit-Italic.ttf in Resources */ = {isa = PBXBuildFile; fileRef = B3B62E6EF44244C598346A34 /* Kanit-Italic.ttf */; };
		4B2BB68B263C48BA890CCEE6 /* Kanit-BlackItalic.ttf in Resources */ = {isa = PBXBuildFile; fileRef = C859EE808BFA45E9A16DC346 /* Kanit-BlackItalic.ttf */; };
		54FDAFC4FB38459E88B8E3E5 /* NotoSansThai-Thin.ttf in Resources */ = {isa = PBXBuildFile; fileRef = 949BA525BA9642D68111424B /* NotoSansThai-Thin.ttf */; };
		5ABAAD54033F4E96837BA80E /* NotoSansThai-Medium.ttf in Resources */ = {isa = PBXBuildFile; fileRef = E16E85E5BA484A70BEBACC63 /* NotoSansThai-Medium.ttf */; };
		5BFD9E77E41C452CB689E1AA /* Roboto-Italic.ttf in Resources */ = {isa = PBXBuildFile; fileRef = D9AA7541DD804DD0A3B2B90F /* Roboto-Italic.ttf */; };
		66E0BB0311F149A8971D2E0E /* Roboto-Medium.ttf in Resources */ = {isa = PBXBuildFile; fileRef = 474BD39C86B34770BB4B4106 /* Roboto-Medium.ttf */; };
		6BF4CDDE79DD41EABA17A65C /* Kanit-Light.ttf in Resources */ = {isa = PBXBuildFile; fileRef = F254446F2B034A6783B4B52A /* Kanit-Light.ttf */; };
		6C5707DED63142F8AB009301 /* Kanit-ExtraBoldItalic.ttf in Resources */ = {isa = PBXBuildFile; fileRef = 3A2A78739ABE43298AA462CA /* Kanit-ExtraBoldItalic.ttf */; };
		6FA05F7CAE9547A6AA69EF4A /* Kanit-ExtraLightItalic.ttf in Resources */ = {isa = PBXBuildFile; fileRef = 69C0375784CD4FC287D14683 /* Kanit-ExtraLightItalic.ttf */; };
		7016CD22B70A4820A4D82191 /* Kanit-SemiBold.ttf in Resources */ = {isa = PBXBuildFile; fileRef = A5E79682EE214E2D94CC1456 /* Kanit-SemiBold.ttf */; };
		7340807228E2456AAF2082B7 /* Roboto-Thin.ttf in Resources */ = {isa = PBXBuildFile; fileRef = 98FFB604839F4C12A462CFC6 /* Roboto-Thin.ttf */; };
		7699B88040F8A987B510C191 /* libPods-AppTestHospital-AppTestHospitalTests.a in Frameworks */ = {isa = PBXBuildFile; fileRef = 19F6CBCC0A4E27FBF8BF4A61 /* libPods-AppTestHospital-AppTestHospitalTests.a */; };
		79317EA9EAED443AA81DB056 /* NotoSansThai-Regular.ttf in Resources */ = {isa = PBXBuildFile; fileRef = 98E34B98C6A04AA488E72889 /* NotoSansThai-Regular.ttf */; };
		79D9A186BECC4C938E956CEF /* Kanit-MediumItalic.ttf in Resources */ = {isa = PBXBuildFile; fileRef = 9BA22B977F614EDF8FC57EEE /* Kanit-MediumItalic.ttf */; };
		81AB9BB82411601600AC10FF /* LaunchScreen.storyboard in Resources */ = {isa = PBXBuildFile; fileRef = 81AB9BB72411601600AC10FF /* LaunchScreen.storyboard */; };
		82FB2BB69D2649C0B4FA7B87 /* Kanit-Thin.ttf in Resources */ = {isa = PBXBuildFile; fileRef = AD8539F63865414F89FD3092 /* Kanit-Thin.ttf */; };
		8F309CF7FBD0427DABE7F5EB /* Roboto-Light.ttf in Resources */ = {isa = PBXBuildFile; fileRef = 682A52E1139D48D7AE786EFA /* Roboto-Light.ttf */; };
		948F4C2DC99040D997C6C3AB /* NotoSansThai-Bold.ttf in Resources */ = {isa = PBXBuildFile; fileRef = 5FFBC347B60142A88199399F /* NotoSansThai-Bold.ttf */; };
		9A5160296FDD4438A232F053 /* Kanit-BoldItalic.ttf in Resources */ = {isa = PBXBuildFile; fileRef = 4C9549A436F0427088603A4D /* Kanit-BoldItalic.ttf */; };
		9C4A5F047C34CE0AFBF26DC1 /* PrivacyInfo.xcprivacy in Resources */ = {isa = PBXBuildFile; fileRef = 13B07FB81A68108700A75B9A /* PrivacyInfo.xcprivacy */; };
		AB55895DF1744D1CAF55874A /* Roboto-Bold.ttf in Resources */ = {isa = PBXBuildFile; fileRef = B491850DA87544489D92014A /* Roboto-Bold.ttf */; };
		B0E18BE0BC2446008B93953B /* Roboto-ThinItalic.ttf in Resources */ = {isa = PBXBuildFile; fileRef = B79EDC83DE9B49B69CC6EB3A /* Roboto-ThinItalic.ttf */; };
		B952FAB58E47487DA96955FB /* NotoSansThai-SemiBold.ttf in Resources */ = {isa = PBXBuildFile; fileRef = 0CED05CAF75646AEA3664316 /* NotoSansThai-SemiBold.ttf */; };
		BC30DDAED7AD4F88AF8EA588 /* NotoSansThai-Black.ttf in Resources */ = {isa = PBXBuildFile; fileRef = 76A3A6A73F8D4A2BB8C80F10 /* NotoSansThai-Black.ttf */; };
		BF17DE8B8354477CB7AA1D18 /* Kanit-LightItalic.ttf in Resources */ = {isa = PBXBuildFile; fileRef = C1EF10706BEA44A48E72570A /* Kanit-LightItalic.ttf */; };
		C24DEF076B2F4129BA106221 /* Roboto-BoldItalic.ttf in Resources */ = {isa = PBXBuildFile; fileRef = BCEF216A297540F287695A55 /* Roboto-BoldItalic.ttf */; };
		C9EA905F4C14426EB9D46A26 /* OFL.txt in Resources */ = {isa = PBXBuildFile; fileRef = 73D83733D273458B8D360109 /* OFL.txt */; };
		DEF450B082A448C1B45DE4D4 /* Roboto-Regular.ttf in Resources */ = {isa = PBXBuildFile; fileRef = 50DF965F7FA244349E7B5E5E /* Roboto-Regular.ttf */; };
		E088FDD6A40C4AA3B0B21EEB /* NotoSansThai-ExtraLight.ttf in Resources */ = {isa = PBXBuildFile; fileRef = CEE8FD152A524DB7BC841470 /* NotoSansThai-ExtraLight.ttf */; };
		E2ACAEF3DEA44702829C7B68 /* NotoSansThai-Light.ttf in Resources */ = {isa = PBXBuildFile; fileRef = B6E5DC92D402454F80BD61A0 /* NotoSansThai-Light.ttf */; };
		EBE2F32C3D7D4AB0B7CDD58E /* Kanit-Medium.ttf in Resources */ = {isa = PBXBuildFile; fileRef = 57712B2AA8A24B6BA874A1A7 /* Kanit-Medium.ttf */; };
		EE61D86509CD482CB4BC0BFA /* Kanit-ThinItalic.ttf in Resources */ = {isa = PBXBuildFile; fileRef = 8B36829AAF334A5A80DC287D /* Kanit-ThinItalic.ttf */; };
		F72B48C8A63742CA86BEBE1A /* Kanit-SemiBoldItalic.ttf in Resources */ = {isa = PBXBuildFile; fileRef = 26DAA8DED6B64EA7AB9574A1 /* Kanit-SemiBoldItalic.ttf */; };
		FDE8B2DE0F7048A2AC68593A /* NotoSansThai-ExtraBold.ttf in Resources */ = {isa = PBXBuildFile; fileRef = C8CB1EA2254044D087F5EB3F /* NotoSansThai-ExtraBold.ttf */; };
		FFC535C1FFBD4030948FAB4D /* Roboto-MediumItalic.ttf in Resources */ = {isa = PBXBuildFile; fileRef = 34E45659B514457188CFD44D /* Roboto-MediumItalic.ttf */; };
/* End PBXBuildFile section */

/* Begin PBXContainerItemProxy section */
		00E356F41AD99517003FC87E /* PBXContainerItemProxy */ = {
			isa = PBXContainerItemProxy;
			containerPortal = 83CBB9F71A601CBA00E9B192 /* Project object */;
			proxyType = 1;
			remoteGlobalIDString = 13B07F861A680F5B00A75B9A;
			remoteInfo = AppTestHospital;
		};
/* End PBXContainerItemProxy section */

/* Begin PBXFileReference section */
		00D187B81C7E4723AA942362 /* Kanit-Regular.ttf */ = {isa = PBXFileReference; explicitFileType = undefined; fileEncoding = undefined; includeInIndex = 0; lastKnownFileType = unknown; name = "Kanit-Regular.ttf"; path = "../assets/fonts/Kanit-Regular.ttf"; sourceTree = "<group>"; };
		00E356EE1AD99517003FC87E /* AppTestHospitalTests.xctest */ = {isa = PBXFileReference; explicitFileType = wrapper.cfbundle; includeInIndex = 0; path = AppTestHospitalTests.xctest; sourceTree = BUILT_PRODUCTS_DIR; };
		00E356F11AD99517003FC87E /* Info.plist */ = {isa = PBXFileReference; lastKnownFileType = text.plist.xml; path = Info.plist; sourceTree = "<group>"; };
		00E356F21AD99517003FC87E /* AppTestHospitalTests.m */ = {isa = PBXFileReference; lastKnownFileType = sourcecode.c.objc; path = AppTestHospitalTests.m; sourceTree = "<group>"; };
		0CED05CAF75646AEA3664316 /* NotoSansThai-SemiBold.ttf */ = {isa = PBXFileReference; explicitFileType = undefined; fileEncoding = undefined; includeInIndex = 0; lastKnownFileType = unknown; name = "NotoSansThai-SemiBold.ttf"; path = "../assets/fonts/NotoSansThai-SemiBold.ttf"; sourceTree = "<group>"; };
		13B07FAF1A68108700A75B9A /* AppDelegate.h */ = {isa = PBXFileReference; fileEncoding = 4; lastKnownFileType = sourcecode.c.h; name = AppDelegate.h; path = AppTestHospital/AppDelegate.h; sourceTree = "<group>"; };
		13B07FB01A68108700A75B9A /* AppDelegate.mm */ = {isa = PBXFileReference; fileEncoding = 4; lastKnownFileType = sourcecode.cpp.objcpp; name = AppDelegate.mm; path = AppTestHospital/AppDelegate.mm; sourceTree = "<group>"; };
		13B07FB51A68108700A75B9A /* Images.xcassets */ = {isa = PBXFileReference; lastKnownFileType = folder.assetcatalog; name = Images.xcassets; path = AppTestHospital/Images.xcassets; sourceTree = "<group>"; };
		13B07FB61A68108700A75B9A /* Info.plist */ = {isa = PBXFileReference; fileEncoding = 4; lastKnownFileType = text.plist.xml; name = Info.plist; path = AppTestHospital/Info.plist; sourceTree = "<group>"; };
		13B07FB71A68108700A75B9A /* main.m */ = {isa = PBXFileReference; fileEncoding = 4; lastKnownFileType = sourcecode.c.objc; name = main.m; path = AppTestHospital/main.m; sourceTree = "<group>"; };
		13B07FB81A68108700A75B9A /* PrivacyInfo.xcprivacy */ = {isa = PBXFileReference; fileEncoding = 4; lastKnownFileType = text.plist.xml; name = PrivacyInfo.xcprivacy; path = AppTestHospital/PrivacyInfo.xcprivacy; sourceTree = "<group>"; };
		189599312CF0DDE700C0DDB4 /* AppTestHospital.app */ = {isa = PBXFileReference; explicitFileType = wrapper.application; includeInIndex = 0; path = AppTestHospital.app; sourceTree = BUILT_PRODUCTS_DIR; };
		189599322CF0E1D700C0DDB4 /* AntDesign 2.ttf */ = {isa = PBXFileReference; lastKnownFileType = file; path = "AntDesign 2.ttf"; sourceTree = "<group>"; };
		189599332CF0E1D700C0DDB4 /* Entypo 2.ttf */ = {isa = PBXFileReference; lastKnownFileType = file; path = "Entypo 2.ttf"; sourceTree = "<group>"; };
		189599342CF0E1D700C0DDB4 /* EvilIcons 2.ttf */ = {isa = PBXFileReference; lastKnownFileType = file; path = "EvilIcons 2.ttf"; sourceTree = "<group>"; };
		189599352CF0E1D700C0DDB4 /* Feather 2.ttf */ = {isa = PBXFileReference; lastKnownFileType = file; path = "Feather 2.ttf"; sourceTree = "<group>"; };
		189599362CF0E1D700C0DDB4 /* FontAwesome 2.ttf */ = {isa = PBXFileReference; lastKnownFileType = file; path = "FontAwesome 2.ttf"; sourceTree = "<group>"; };
		189599372CF0E1D700C0DDB4 /* FontAwesome5_Brands 2.ttf */ = {isa = PBXFileReference; lastKnownFileType = file; path = "FontAwesome5_Brands 2.ttf"; sourceTree = "<group>"; };
		189599382CF0E1D700C0DDB4 /* FontAwesome5_Regular 2.ttf */ = {isa = PBXFileReference; lastKnownFileType = file; path = "FontAwesome5_Regular 2.ttf"; sourceTree = "<group>"; };
		189599392CF0E1D700C0DDB4 /* FontAwesome5_Solid 2.ttf */ = {isa = PBXFileReference; lastKnownFileType = file; path = "FontAwesome5_Solid 2.ttf"; sourceTree = "<group>"; };
		1895993A2CF0E1D700C0DDB4 /* FontAwesome6_Brands 2.ttf */ = {isa = PBXFileReference; lastKnownFileType = file; path = "FontAwesome6_Brands 2.ttf"; sourceTree = "<group>"; };
		1895993B2CF0E1D700C0DDB4 /* FontAwesome6_Regular 2.ttf */ = {isa = PBXFileReference; lastKnownFileType = file; path = "FontAwesome6_Regular 2.ttf"; sourceTree = "<group>"; };
		1895993C2CF0E1D700C0DDB4 /* FontAwesome6_Solid 2.ttf */ = {isa = PBXFileReference; lastKnownFileType = file; path = "FontAwesome6_Solid 2.ttf"; sourceTree = "<group>"; };
		1895993D2CF0E1D700C0DDB4 /* Fontisto 2.ttf */ = {isa = PBXFileReference; lastKnownFileType = file; path = "Fontisto 2.ttf"; sourceTree = "<group>"; };
		1895993E2CF0E1D700C0DDB4 /* Foundation 2.ttf */ = {isa = PBXFileReference; lastKnownFileType = file; path = "Foundation 2.ttf"; sourceTree = "<group>"; };
		1895993F2CF0E1D700C0DDB4 /* Ionicons 2.ttf */ = {isa = PBXFileReference; lastKnownFileType = file; path = "Ionicons 2.ttf"; sourceTree = "<group>"; };
		189599402CF0E1D700C0DDB4 /* MaterialCommunityIcons 2.ttf */ = {isa = PBXFileReference; lastKnownFileType = file; path = "MaterialCommunityIcons 2.ttf"; sourceTree = "<group>"; };
		189599412CF0E1D700C0DDB4 /* MaterialIcons 2.ttf */ = {isa = PBXFileReference; lastKnownFileType = file; path = "MaterialIcons 2.ttf"; sourceTree = "<group>"; };
		189599422CF0E1D700C0DDB4 /* Octicons 2.ttf */ = {isa = PBXFileReference; lastKnownFileType = file; path = "Octicons 2.ttf"; sourceTree = "<group>"; };
		189599432CF0E1D700C0DDB4 /* SimpleLineIcons 2.ttf */ = {isa = PBXFileReference; lastKnownFileType = file; path = "SimpleLineIcons 2.ttf"; sourceTree = "<group>"; };
		189599442CF0E1D700C0DDB4 /* Zocial 2.ttf */ = {isa = PBXFileReference; lastKnownFileType = file; path = "Zocial 2.ttf"; sourceTree = "<group>"; };
		189599582CF0E1EC00C0DDB4 /* Kanit-Black 2.ttf */ = {isa = PBXFileReference; lastKnownFileType = file; path = "Kanit-Black 2.ttf"; sourceTree = "<group>"; };
		189599592CF0E1EC00C0DDB4 /* Kanit-BlackItalic 2.ttf */ = {isa = PBXFileReference; lastKnownFileType = file; path = "Kanit-BlackItalic 2.ttf"; sourceTree = "<group>"; };
		1895995A2CF0E1EC00C0DDB4 /* Kanit-Bold 2.ttf */ = {isa = PBXFileReference; lastKnownFileType = file; path = "Kanit-Bold 2.ttf"; sourceTree = "<group>"; };
		1895995B2CF0E1EC00C0DDB4 /* Kanit-BoldItalic 2.ttf */ = {isa = PBXFileReference; lastKnownFileType = file; path = "Kanit-BoldItalic 2.ttf"; sourceTree = "<group>"; };
		1895995C2CF0E1EC00C0DDB4 /* Kanit-ExtraBold 2.ttf */ = {isa = PBXFileReference; lastKnownFileType = file; path = "Kanit-ExtraBold 2.ttf"; sourceTree = "<group>"; };
		1895995D2CF0E1EC00C0DDB4 /* Kanit-ExtraBoldItalic 2.ttf */ = {isa = PBXFileReference; lastKnownFileType = file; path = "Kanit-ExtraBoldItalic 2.ttf"; sourceTree = "<group>"; };
		1895995E2CF0E1EC00C0DDB4 /* Kanit-ExtraLight 2.ttf */ = {isa = PBXFileReference; lastKnownFileType = file; path = "Kanit-ExtraLight 2.ttf"; sourceTree = "<group>"; };
		1895995F2CF0E1EC00C0DDB4 /* Kanit-ExtraLightItalic 2.ttf */ = {isa = PBXFileReference; lastKnownFileType = file; path = "Kanit-ExtraLightItalic 2.ttf"; sourceTree = "<group>"; };
		189599602CF0E1EC00C0DDB4 /* Kanit-Italic 2.ttf */ = {isa = PBXFileReference; lastKnownFileType = file; path = "Kanit-Italic 2.ttf"; sourceTree = "<group>"; };
		189599612CF0E1EC00C0DDB4 /* Kanit-Light 2.ttf */ = {isa = PBXFileReference; lastKnownFileType = file; path = "Kanit-Light 2.ttf"; sourceTree = "<group>"; };
		189599622CF0E1EC00C0DDB4 /* Kanit-LightItalic 2.ttf */ = {isa = PBXFileReference; lastKnownFileType = file; path = "Kanit-LightItalic 2.ttf"; sourceTree = "<group>"; };
		189599632CF0E1EC00C0DDB4 /* Kanit-Medium 2.ttf */ = {isa = PBXFileReference; lastKnownFileType = file; path = "Kanit-Medium 2.ttf"; sourceTree = "<group>"; };
		189599642CF0E1EC00C0DDB4 /* Kanit-MediumItalic 2.ttf */ = {isa = PBXFileReference; lastKnownFileType = file; path = "Kanit-MediumItalic 2.ttf"; sourceTree = "<group>"; };
		189599652CF0E1EC00C0DDB4 /* Kanit-Regular 2.ttf */ = {isa = PBXFileReference; lastKnownFileType = file; path = "Kanit-Regular 2.ttf"; sourceTree = "<group>"; };
		189599662CF0E1EC00C0DDB4 /* Kanit-SemiBold 2.ttf */ = {isa = PBXFileReference; lastKnownFileType = file; path = "Kanit-SemiBold 2.ttf"; sourceTree = "<group>"; };
		189599672CF0E1EC00C0DDB4 /* Kanit-SemiBoldItalic 2.ttf */ = {isa = PBXFileReference; lastKnownFileType = file; path = "Kanit-SemiBoldItalic 2.ttf"; sourceTree = "<group>"; };
		189599682CF0E1EC00C0DDB4 /* Kanit-Thin 2.ttf */ = {isa = PBXFileReference; lastKnownFileType = file; path = "Kanit-Thin 2.ttf"; sourceTree = "<group>"; };
		189599692CF0E1EC00C0DDB4 /* Kanit-ThinItalic 2.ttf */ = {isa = PBXFileReference; lastKnownFileType = file; path = "Kanit-ThinItalic 2.ttf"; sourceTree = "<group>"; };
		1895996A2CF0E1EC00C0DDB4 /* OFL 2.txt */ = {isa = PBXFileReference; lastKnownFileType = text; path = "OFL 2.txt"; sourceTree = "<group>"; };
		19F6CBCC0A4E27FBF8BF4A61 /* libPods-AppTestHospital-AppTestHospitalTests.a */ = {isa = PBXFileReference; explicitFileType = archive.ar; includeInIndex = 0; path = "libPods-AppTestHospital-AppTestHospitalTests.a"; sourceTree = BUILT_PRODUCTS_DIR; };
		26DAA8DED6B64EA7AB9574A1 /* Kanit-SemiBoldItalic.ttf */ = {isa = PBXFileReference; explicitFileType = undefined; fileEncoding = undefined; includeInIndex = 0; lastKnownFileType = unknown; name = "Kanit-SemiBoldItalic.ttf"; path = "../assets/fonts/Kanit-SemiBoldItalic.ttf"; sourceTree = "<group>"; };
		2F0DDDC1462C43939D6D6480 /* Roboto-BlackItalic.ttf */ = {isa = PBXFileReference; explicitFileType = undefined; fileEncoding = undefined; includeInIndex = 0; lastKnownFileType = unknown; name = "Roboto-BlackItalic.ttf"; path = "../assets/fonts/Roboto-BlackItalic.ttf"; sourceTree = "<group>"; };
		34E45659B514457188CFD44D /* Roboto-MediumItalic.ttf */ = {isa = PBXFileReference; explicitFileType = undefined; fileEncoding = undefined; includeInIndex = 0; lastKnownFileType = unknown; name = "Roboto-MediumItalic.ttf"; path = "../assets/fonts/Roboto-MediumItalic.ttf"; sourceTree = "<group>"; };
		3A2A78739ABE43298AA462CA /* Kanit-ExtraBoldItalic.ttf */ = {isa = PBXFileReference; explicitFileType = undefined; fileEncoding = undefined; includeInIndex = 0; lastKnownFileType = unknown; name = "Kanit-ExtraBoldItalic.ttf"; path = "../assets/fonts/Kanit-ExtraBoldItalic.ttf"; sourceTree = "<group>"; };
		3B4392A12AC88292D35C810B /* Pods-AppTestHospital.debug.xcconfig */ = {isa = PBXFileReference; includeInIndex = 1; lastKnownFileType = text.xcconfig; name = "Pods-AppTestHospital.debug.xcconfig"; path = "Target Support Files/Pods-AppTestHospital/Pods-AppTestHospital.debug.xcconfig"; sourceTree = "<group>"; };
		467A42A686954A688DD58E95 /* Kanit-Bold.ttf */ = {isa = PBXFileReference; explicitFileType = undefined; fileEncoding = undefined; includeInIndex = 0; lastKnownFileType = unknown; name = "Kanit-Bold.ttf"; path = "../assets/fonts/Kanit-Bold.ttf"; sourceTree = "<group>"; };
		474BD39C86B34770BB4B4106 /* Roboto-Medium.ttf */ = {isa = PBXFileReference; explicitFileType = undefined; fileEncoding = undefined; includeInIndex = 0; lastKnownFileType = unknown; name = "Roboto-Medium.ttf"; path = "../assets/fonts/Roboto-Medium.ttf"; sourceTree = "<group>"; };
		4C9549A436F0427088603A4D /* Kanit-BoldItalic.ttf */ = {isa = PBXFileReference; explicitFileType = undefined; fileEncoding = undefined; includeInIndex = 0; lastKnownFileType = unknown; name = "Kanit-BoldItalic.ttf"; path = "../assets/fonts/Kanit-BoldItalic.ttf"; sourceTree = "<group>"; };
		50DF965F7FA244349E7B5E5E /* Roboto-Regular.ttf */ = {isa = PBXFileReference; explicitFileType = undefined; fileEncoding = undefined; includeInIndex = 0; lastKnownFileType = unknown; name = "Roboto-Regular.ttf"; path = "../assets/fonts/Roboto-Regular.ttf"; sourceTree = "<group>"; };
		5171FED0ED2F43038ADCF0D0 /* Roboto-LightItalic.ttf */ = {isa = PBXFileReference; explicitFileType = undefined; fileEncoding = undefined; includeInIndex = 0; lastKnownFileType = unknown; name = "Roboto-LightItalic.ttf"; path = "../assets/fonts/Roboto-LightItalic.ttf"; sourceTree = "<group>"; };
		5709B34CF0A7D63546082F79 /* Pods-AppTestHospital.release.xcconfig */ = {isa = PBXFileReference; includeInIndex = 1; lastKnownFileType = text.xcconfig; name = "Pods-AppTestHospital.release.xcconfig"; path = "Target Support Files/Pods-AppTestHospital/Pods-AppTestHospital.release.xcconfig"; sourceTree = "<group>"; };
		57712B2AA8A24B6BA874A1A7 /* Kanit-Medium.ttf */ = {isa = PBXFileReference; explicitFileType = undefined; fileEncoding = undefined; includeInIndex = 0; lastKnownFileType = unknown; name = "Kanit-Medium.ttf"; path = "../assets/fonts/Kanit-Medium.ttf"; sourceTree = "<group>"; };
		5B7EB9410499542E8C5724F5 /* Pods-AppTestHospital-AppTestHospitalTests.debug.xcconfig */ = {isa = PBXFileReference; includeInIndex = 1; lastKnownFileType = text.xcconfig; name = "Pods-AppTestHospital-AppTestHospitalTests.debug.xcconfig"; path = "Target Support Files/Pods-AppTestHospital-AppTestHospitalTests/Pods-AppTestHospital-AppTestHospitalTests.debug.xcconfig"; sourceTree = "<group>"; };
		5DCACB8F33CDC322A6C60F78 /* libPods-AppTestHospital.a */ = {isa = PBXFileReference; explicitFileType = archive.ar; includeInIndex = 0; path = "libPods-AppTestHospital.a"; sourceTree = BUILT_PRODUCTS_DIR; };
		5FFBC347B60142A88199399F /* NotoSansThai-Bold.ttf */ = {isa = PBXFileReference; explicitFileType = undefined; fileEncoding = undefined; includeInIndex = 0; lastKnownFileType = unknown; name = "NotoSansThai-Bold.ttf"; path = "../assets/fonts/NotoSansThai-Bold.ttf"; sourceTree = "<group>"; };
		682A52E1139D48D7AE786EFA /* Roboto-Light.ttf */ = {isa = PBXFileReference; explicitFileType = undefined; fileEncoding = undefined; includeInIndex = 0; lastKnownFileType = unknown; name = "Roboto-Light.ttf"; path = "../assets/fonts/Roboto-Light.ttf"; sourceTree = "<group>"; };
		69C0375784CD4FC287D14683 /* Kanit-ExtraLightItalic.ttf */ = {isa = PBXFileReference; explicitFileType = undefined; fileEncoding = undefined; includeInIndex = 0; lastKnownFileType = unknown; name = "Kanit-ExtraLightItalic.ttf"; path = "../assets/fonts/Kanit-ExtraLightItalic.ttf"; sourceTree = "<group>"; };
		73D83733D273458B8D360109 /* OFL.txt */ = {isa = PBXFileReference; explicitFileType = undefined; fileEncoding = undefined; includeInIndex = 0; lastKnownFileType = unknown; name = OFL.txt; path = ../assets/fonts/OFL.txt; sourceTree = "<group>"; };
		76A3A6A73F8D4A2BB8C80F10 /* NotoSansThai-Black.ttf */ = {isa = PBXFileReference; explicitFileType = undefined; fileEncoding = undefined; includeInIndex = 0; lastKnownFileType = unknown; name = "NotoSansThai-Black.ttf"; path = "../assets/fonts/NotoSansThai-Black.ttf"; sourceTree = "<group>"; };
		81AB9BB72411601600AC10FF /* LaunchScreen.storyboard */ = {isa = PBXFileReference; fileEncoding = 4; lastKnownFileType = file.storyboard; name = LaunchScreen.storyboard; path = AppTestHospital/LaunchScreen.storyboard; sourceTree = "<group>"; };
		89C6BE57DB24E9ADA2F236DE /* Pods-AppTestHospital-AppTestHospitalTests.release.xcconfig */ = {isa = PBXFileReference; includeInIndex = 1; lastKnownFileType = text.xcconfig; name = "Pods-AppTestHospital-AppTestHospitalTests.release.xcconfig"; path = "Target Support Files/Pods-AppTestHospital-AppTestHospitalTests/Pods-AppTestHospital-AppTestHospitalTests.release.xcconfig"; sourceTree = "<group>"; };
		8B36829AAF334A5A80DC287D /* Kanit-ThinItalic.ttf */ = {isa = PBXFileReference; explicitFileType = undefined; fileEncoding = undefined; includeInIndex = 0; lastKnownFileType = unknown; name = "Kanit-ThinItalic.ttf"; path = "../assets/fonts/Kanit-ThinItalic.ttf"; sourceTree = "<group>"; };
		949BA525BA9642D68111424B /* NotoSansThai-Thin.ttf */ = {isa = PBXFileReference; explicitFileType = undefined; fileEncoding = undefined; includeInIndex = 0; lastKnownFileType = unknown; name = "NotoSansThai-Thin.ttf"; path = "../assets/fonts/NotoSansThai-Thin.ttf"; sourceTree = "<group>"; };
		98E34B98C6A04AA488E72889 /* NotoSansThai-Regular.ttf */ = {isa = PBXFileReference; explicitFileType = undefined; fileEncoding = undefined; includeInIndex = 0; lastKnownFileType = unknown; name = "NotoSansThai-Regular.ttf"; path = "../assets/fonts/NotoSansThai-Regular.ttf"; sourceTree = "<group>"; };
		98FFB604839F4C12A462CFC6 /* Roboto-Thin.ttf */ = {isa = PBXFileReference; explicitFileType = undefined; fileEncoding = undefined; includeInIndex = 0; lastKnownFileType = unknown; name = "Roboto-Thin.ttf"; path = "../assets/fonts/Roboto-Thin.ttf"; sourceTree = "<group>"; };
		9BA22B977F614EDF8FC57EEE /* Kanit-MediumItalic.ttf */ = {isa = PBXFileReference; explicitFileType = undefined; fileEncoding = undefined; includeInIndex = 0; lastKnownFileType = unknown; name = "Kanit-MediumItalic.ttf"; path = "../assets/fonts/Kanit-MediumItalic.ttf"; sourceTree = "<group>"; };
		A5E79682EE214E2D94CC1456 /* Kanit-SemiBold.ttf */ = {isa = PBXFileReference; explicitFileType = undefined; fileEncoding = undefined; includeInIndex = 0; lastKnownFileType = unknown; name = "Kanit-SemiBold.ttf"; path = "../assets/fonts/Kanit-SemiBold.ttf"; sourceTree = "<group>"; };
		AD8539F63865414F89FD3092 /* Kanit-Thin.ttf */ = {isa = PBXFileReference; explicitFileType = undefined; fileEncoding = undefined; includeInIndex = 0; lastKnownFileType = unknown; name = "Kanit-Thin.ttf"; path = "../assets/fonts/Kanit-Thin.ttf"; sourceTree = "<group>"; };
		B1147EEE95914EE3A7BCFC26 /* Kanit-ExtraBold.ttf */ = {isa = PBXFileReference; explicitFileType = undefined; fileEncoding = undefined; includeInIndex = 0; lastKnownFileType = unknown; name = "Kanit-ExtraBold.ttf"; path = "../assets/fonts/Kanit-ExtraBold.ttf"; sourceTree = "<group>"; };
		B387F6C826284A57AC39581E /* Roboto-Black.ttf */ = {isa = PBXFileReference; explicitFileType = undefined; fileEncoding = undefined; includeInIndex = 0; lastKnownFileType = unknown; name = "Roboto-Black.ttf"; path = "../assets/fonts/Roboto-Black.ttf"; sourceTree = "<group>"; };
		B3B62E6EF44244C598346A34 /* Kanit-Italic.ttf */ = {isa = PBXFileReference; explicitFileType = undefined; fileEncoding = undefined; includeInIndex = 0; lastKnownFileType = unknown; name = "Kanit-Italic.ttf"; path = "../assets/fonts/Kanit-Italic.ttf"; sourceTree = "<group>"; };
		B491850DA87544489D92014A /* Roboto-Bold.ttf */ = {isa = PBXFileReference; explicitFileType = undefined; fileEncoding = undefined; includeInIndex = 0; lastKnownFileType = unknown; name = "Roboto-Bold.ttf"; path = "../assets/fonts/Roboto-Bold.ttf"; sourceTree = "<group>"; };
		B6E5DC92D402454F80BD61A0 /* NotoSansThai-Light.ttf */ = {isa = PBXFileReference; explicitFileType = undefined; fileEncoding = undefined; includeInIndex = 0; lastKnownFileType = unknown; name = "NotoSansThai-Light.ttf"; path = "../assets/fonts/NotoSansThai-Light.ttf"; sourceTree = "<group>"; };
		B79EDC83DE9B49B69CC6EB3A /* Roboto-ThinItalic.ttf */ = {isa = PBXFileReference; explicitFileType = undefined; fileEncoding = undefined; includeInIndex = 0; lastKnownFileType = unknown; name = "Roboto-ThinItalic.ttf"; path = "../assets/fonts/Roboto-ThinItalic.ttf"; sourceTree = "<group>"; };
		BCEF216A297540F287695A55 /* Roboto-BoldItalic.ttf */ = {isa = PBXFileReference; explicitFileType = undefined; fileEncoding = undefined; includeInIndex = 0; lastKnownFileType = unknown; name = "Roboto-BoldItalic.ttf"; path = "../assets/fonts/Roboto-BoldItalic.ttf"; sourceTree = "<group>"; };
		C1EF10706BEA44A48E72570A /* Kanit-LightItalic.ttf */ = {isa = PBXFileReference; explicitFileType = undefined; fileEncoding = undefined; includeInIndex = 0; lastKnownFileType = unknown; name = "Kanit-LightItalic.ttf"; path = "../assets/fonts/Kanit-LightItalic.ttf"; sourceTree = "<group>"; };
		C859EE808BFA45E9A16DC346 /* Kanit-BlackItalic.ttf */ = {isa = PBXFileReference; explicitFileType = undefined; fileEncoding = undefined; includeInIndex = 0; lastKnownFileType = unknown; name = "Kanit-BlackItalic.ttf"; path = "../assets/fonts/Kanit-BlackItalic.ttf"; sourceTree = "<group>"; };
		C8CB1EA2254044D087F5EB3F /* NotoSansThai-ExtraBold.ttf */ = {isa = PBXFileReference; explicitFileType = undefined; fileEncoding = undefined; includeInIndex = 0; lastKnownFileType = unknown; name = "NotoSansThai-ExtraBold.ttf"; path = "../assets/fonts/NotoSansThai-ExtraBold.ttf"; sourceTree = "<group>"; };
		CEE8FD152A524DB7BC841470 /* NotoSansThai-ExtraLight.ttf */ = {isa = PBXFileReference; explicitFileType = undefined; fileEncoding = undefined; includeInIndex = 0; lastKnownFileType = unknown; name = "NotoSansThai-ExtraLight.ttf"; path = "../assets/fonts/NotoSansThai-ExtraLight.ttf"; sourceTree = "<group>"; };
		D9AA7541DD804DD0A3B2B90F /* Roboto-Italic.ttf */ = {isa = PBXFileReference; explicitFileType = undefined; fileEncoding = undefined; includeInIndex = 0; lastKnownFileType = unknown; name = "Roboto-Italic.ttf"; path = "../assets/fonts/Roboto-Italic.ttf"; sourceTree = "<group>"; };
		E013875E99954A91A7A21F75 /* Kanit-ExtraLight.ttf */ = {isa = PBXFileReference; explicitFileType = undefined; fileEncoding = undefined; includeInIndex = 0; lastKnownFileType = unknown; name = "Kanit-ExtraLight.ttf"; path = "../assets/fonts/Kanit-ExtraLight.ttf"; sourceTree = "<group>"; };
		E16E85E5BA484A70BEBACC63 /* NotoSansThai-Medium.ttf */ = {isa = PBXFileReference; explicitFileType = undefined; fileEncoding = undefined; includeInIndex = 0; lastKnownFileType = unknown; name = "NotoSansThai-Medium.ttf"; path = "../assets/fonts/NotoSansThai-Medium.ttf"; sourceTree = "<group>"; };
		E661A7B117DD49E88516FB6D /* Kanit-Black.ttf */ = {isa = PBXFileReference; explicitFileType = undefined; fileEncoding = undefined; includeInIndex = 0; lastKnownFileType = unknown; name = "Kanit-Black.ttf"; path = "../assets/fonts/Kanit-Black.ttf"; sourceTree = "<group>"; };
		ED297162215061F000B7C4FE /* JavaScriptCore.framework */ = {isa = PBXFileReference; lastKnownFileType = wrapper.framework; name = JavaScriptCore.framework; path = System/Library/Frameworks/JavaScriptCore.framework; sourceTree = SDKROOT; };
		F254446F2B034A6783B4B52A /* Kanit-Light.ttf */ = {isa = PBXFileReference; explicitFileType = undefined; fileEncoding = undefined; includeInIndex = 0; lastKnownFileType = unknown; name = "Kanit-Light.ttf"; path = "../assets/fonts/Kanit-Light.ttf"; sourceTree = "<group>"; };
/* End PBXFileReference section */

/* Begin PBXFrameworksBuildPhase section */
		00E356EB1AD99517003FC87E /* Frameworks */ = {
			isa = PBXFrameworksBuildPhase;
			buildActionMask = 2147483647;
			files = (
				7699B88040F8A987B510C191 /* libPods-AppTestHospital-AppTestHospitalTests.a in Frameworks */,
			);
			runOnlyForDeploymentPostprocessing = 0;
		};
		13B07F8C1A680F5B00A75B9A /* Frameworks */ = {
			isa = PBXFrameworksBuildPhase;
			buildActionMask = 2147483647;
			files = (
				0C80B921A6F3F58F76C31292 /* libPods-AppTestHospital.a in Frameworks */,
			);
			runOnlyForDeploymentPostprocessing = 0;
		};
/* End PBXFrameworksBuildPhase section */

/* Begin PBXGroup section */
		00E356EF1AD99517003FC87E /* AppTestHospitalTests */ = {
			isa = PBXGroup;
			children = (
				00E356F21AD99517003FC87E /* AppTestHospitalTests.m */,
				00E356F01AD99517003FC87E /* Supporting Files */,
			);
			path = AppTestHospitalTests;
			sourceTree = "<group>";
		};
		00E356F01AD99517003FC87E /* Supporting Files */ = {
			isa = PBXGroup;
			children = (
				00E356F11AD99517003FC87E /* Info.plist */,
			);
			name = "Supporting Files";
			sourceTree = "<group>";
		};
		13B07FAE1A68108700A75B9A /* AppTestHospital */ = {
			isa = PBXGroup;
			children = (
				189598E42CF0844F00C0DDB4 /* Resources */,
				13B07FAF1A68108700A75B9A /* AppDelegate.h */,
				13B07FB01A68108700A75B9A /* AppDelegate.mm */,
				13B07FB51A68108700A75B9A /* Images.xcassets */,
				13B07FB61A68108700A75B9A /* Info.plist */,
				81AB9BB72411601600AC10FF /* LaunchScreen.storyboard */,
				13B07FB71A68108700A75B9A /* main.m */,
				13B07FB81A68108700A75B9A /* PrivacyInfo.xcprivacy */,
			);
			name = AppTestHospital;
			sourceTree = "<group>";
		};
		189598E42CF0844F00C0DDB4 /* Resources */ = {
			isa = PBXGroup;
			children = (
				189599322CF0E1D700C0DDB4 /* AntDesign 2.ttf */,
				189599332CF0E1D700C0DDB4 /* Entypo 2.ttf */,
				189599342CF0E1D700C0DDB4 /* EvilIcons 2.ttf */,
				189599352CF0E1D700C0DDB4 /* Feather 2.ttf */,
				189599362CF0E1D700C0DDB4 /* FontAwesome 2.ttf */,
				189599372CF0E1D700C0DDB4 /* FontAwesome5_Brands 2.ttf */,
				189599382CF0E1D700C0DDB4 /* FontAwesome5_Regular 2.ttf */,
				189599392CF0E1D700C0DDB4 /* FontAwesome5_Solid 2.ttf */,
				1895993A2CF0E1D700C0DDB4 /* FontAwesome6_Brands 2.ttf */,
				1895993B2CF0E1D700C0DDB4 /* FontAwesome6_Regular 2.ttf */,
				1895993C2CF0E1D700C0DDB4 /* FontAwesome6_Solid 2.ttf */,
				1895993D2CF0E1D700C0DDB4 /* Fontisto 2.ttf */,
				1895993E2CF0E1D700C0DDB4 /* Foundation 2.ttf */,
				1895993F2CF0E1D700C0DDB4 /* Ionicons 2.ttf */,
				189599402CF0E1D700C0DDB4 /* MaterialCommunityIcons 2.ttf */,
				189599412CF0E1D700C0DDB4 /* MaterialIcons 2.ttf */,
				189599422CF0E1D700C0DDB4 /* Octicons 2.ttf */,
				189599432CF0E1D700C0DDB4 /* SimpleLineIcons 2.ttf */,
				189599442CF0E1D700C0DDB4 /* Zocial 2.ttf */,
				189599582CF0E1EC00C0DDB4 /* Kanit-Black 2.ttf */,
				189599592CF0E1EC00C0DDB4 /* Kanit-BlackItalic 2.ttf */,
				1895995A2CF0E1EC00C0DDB4 /* Kanit-Bold 2.ttf */,
				1895995B2CF0E1EC00C0DDB4 /* Kanit-BoldItalic 2.ttf */,
				1895995C2CF0E1EC00C0DDB4 /* Kanit-ExtraBold 2.ttf */,
				1895995D2CF0E1EC00C0DDB4 /* Kanit-ExtraBoldItalic 2.ttf */,
				1895995E2CF0E1EC00C0DDB4 /* Kanit-ExtraLight 2.ttf */,
				1895995F2CF0E1EC00C0DDB4 /* Kanit-ExtraLightItalic 2.ttf */,
				189599602CF0E1EC00C0DDB4 /* Kanit-Italic 2.ttf */,
				189599612CF0E1EC00C0DDB4 /* Kanit-Light 2.ttf */,
				189599622CF0E1EC00C0DDB4 /* Kanit-LightItalic 2.ttf */,
				189599632CF0E1EC00C0DDB4 /* Kanit-Medium 2.ttf */,
				189599642CF0E1EC00C0DDB4 /* Kanit-MediumItalic 2.ttf */,
				189599652CF0E1EC00C0DDB4 /* Kanit-Regular 2.ttf */,
				189599662CF0E1EC00C0DDB4 /* Kanit-SemiBold 2.ttf */,
				189599672CF0E1EC00C0DDB4 /* Kanit-SemiBoldItalic 2.ttf */,
				189599682CF0E1EC00C0DDB4 /* Kanit-Thin 2.ttf */,
				189599692CF0E1EC00C0DDB4 /* Kanit-ThinItalic 2.ttf */,
				1895996A2CF0E1EC00C0DDB4 /* OFL 2.txt */,
				E661A7B117DD49E88516FB6D /* Kanit-Black.ttf */,
				C859EE808BFA45E9A16DC346 /* Kanit-BlackItalic.ttf */,
				467A42A686954A688DD58E95 /* Kanit-Bold.ttf */,
				4C9549A436F0427088603A4D /* Kanit-BoldItalic.ttf */,
				B1147EEE95914EE3A7BCFC26 /* Kanit-ExtraBold.ttf */,
				3A2A78739ABE43298AA462CA /* Kanit-ExtraBoldItalic.ttf */,
				E013875E99954A91A7A21F75 /* Kanit-ExtraLight.ttf */,
				69C0375784CD4FC287D14683 /* Kanit-ExtraLightItalic.ttf */,
				B3B62E6EF44244C598346A34 /* Kanit-Italic.ttf */,
				F254446F2B034A6783B4B52A /* Kanit-Light.ttf */,
				C1EF10706BEA44A48E72570A /* Kanit-LightItalic.ttf */,
				57712B2AA8A24B6BA874A1A7 /* Kanit-Medium.ttf */,
				9BA22B977F614EDF8FC57EEE /* Kanit-MediumItalic.ttf */,
				00D187B81C7E4723AA942362 /* Kanit-Regular.ttf */,
				A5E79682EE214E2D94CC1456 /* Kanit-SemiBold.ttf */,
				26DAA8DED6B64EA7AB9574A1 /* Kanit-SemiBoldItalic.ttf */,
				AD8539F63865414F89FD3092 /* Kanit-Thin.ttf */,
				8B36829AAF334A5A80DC287D /* Kanit-ThinItalic.ttf */,
				76A3A6A73F8D4A2BB8C80F10 /* NotoSansThai-Black.ttf */,
				5FFBC347B60142A88199399F /* NotoSansThai-Bold.ttf */,
				C8CB1EA2254044D087F5EB3F /* NotoSansThai-ExtraBold.ttf */,
				CEE8FD152A524DB7BC841470 /* NotoSansThai-ExtraLight.ttf */,
				B6E5DC92D402454F80BD61A0 /* NotoSansThai-Light.ttf */,
				E16E85E5BA484A70BEBACC63 /* NotoSansThai-Medium.ttf */,
				98E34B98C6A04AA488E72889 /* NotoSansThai-Regular.ttf */,
				0CED05CAF75646AEA3664316 /* NotoSansThai-SemiBold.ttf */,
				949BA525BA9642D68111424B /* NotoSansThai-Thin.ttf */,
				B387F6C826284A57AC39581E /* Roboto-Black.ttf */,
				2F0DDDC1462C43939D6D6480 /* Roboto-BlackItalic.ttf */,
				B491850DA87544489D92014A /* Roboto-Bold.ttf */,
				BCEF216A297540F287695A55 /* Roboto-BoldItalic.ttf */,
				D9AA7541DD804DD0A3B2B90F /* Roboto-Italic.ttf */,
				682A52E1139D48D7AE786EFA /* Roboto-Light.ttf */,
				5171FED0ED2F43038ADCF0D0 /* Roboto-LightItalic.ttf */,
				474BD39C86B34770BB4B4106 /* Roboto-Medium.ttf */,
				34E45659B514457188CFD44D /* Roboto-MediumItalic.ttf */,
				50DF965F7FA244349E7B5E5E /* Roboto-Regular.ttf */,
				98FFB604839F4C12A462CFC6 /* Roboto-Thin.ttf */,
				B79EDC83DE9B49B69CC6EB3A /* Roboto-ThinItalic.ttf */,
				73D83733D273458B8D360109 /* OFL.txt */,
			);
			path = Resources;
			sourceTree = "<group>";
		};
		2D16E6871FA4F8E400B85C8A /* Frameworks */ = {
			isa = PBXGroup;
			children = (
				ED297162215061F000B7C4FE /* JavaScriptCore.framework */,
				5DCACB8F33CDC322A6C60F78 /* libPods-AppTestHospital.a */,
				19F6CBCC0A4E27FBF8BF4A61 /* libPods-AppTestHospital-AppTestHospitalTests.a */,
			);
			name = Frameworks;
			sourceTree = "<group>";
		};
		61DF94E61DEA41F0902BC77F /* Resources */ = {
			isa = PBXGroup;
			children = (
			);
			name = Resources;
			sourceTree = "<group>";
		};
		832341AE1AAA6A7D00B99B32 /* Libraries */ = {
			isa = PBXGroup;
			children = (
			);
			name = Libraries;
			sourceTree = "<group>";
		};
		83CBB9F61A601CBA00E9B192 = {
			isa = PBXGroup;
			children = (
				13B07FAE1A68108700A75B9A /* AppTestHospital */,
				832341AE1AAA6A7D00B99B32 /* Libraries */,
				00E356EF1AD99517003FC87E /* AppTestHospitalTests */,
				83CBBA001A601CBA00E9B192 /* Products */,
				2D16E6871FA4F8E400B85C8A /* Frameworks */,
				BBD78D7AC51CEA395F1C20DB /* Pods */,
				61DF94E61DEA41F0902BC77F /* Resources */,
			);
			indentWidth = 2;
			sourceTree = "<group>";
			tabWidth = 2;
			usesTabs = 0;
		};
		83CBBA001A601CBA00E9B192 /* Products */ = {
			isa = PBXGroup;
			children = (
				00E356EE1AD99517003FC87E /* AppTestHospitalTests.xctest */,
				189599312CF0DDE700C0DDB4 /* AppTestHospital.app */,
			);
			name = Products;
			sourceTree = "<group>";
		};
		BBD78D7AC51CEA395F1C20DB /* Pods */ = {
			isa = PBXGroup;
			children = (
				3B4392A12AC88292D35C810B /* Pods-AppTestHospital.debug.xcconfig */,
				5709B34CF0A7D63546082F79 /* Pods-AppTestHospital.release.xcconfig */,
				5B7EB9410499542E8C5724F5 /* Pods-AppTestHospital-AppTestHospitalTests.debug.xcconfig */,
				89C6BE57DB24E9ADA2F236DE /* Pods-AppTestHospital-AppTestHospitalTests.release.xcconfig */,
			);
			path = Pods;
			sourceTree = "<group>";
		};
/* End PBXGroup section */

/* Begin PBXNativeTarget section */
		00E356ED1AD99517003FC87E /* AppTestHospitalTests */ = {
			isa = PBXNativeTarget;
			buildConfigurationList = 00E357021AD99517003FC87E /* Build configuration list for PBXNativeTarget "AppTestHospitalTests" */;
			buildPhases = (
				A55EABD7B0C7F3A422A6CC61 /* [CP] Check Pods Manifest.lock */,
				00E356EA1AD99517003FC87E /* Sources */,
				00E356EB1AD99517003FC87E /* Frameworks */,
				00E356EC1AD99517003FC87E /* Resources */,
				C59DA0FBD6956966B86A3779 /* [CP] Embed Pods Frameworks */,
				F6A41C54EA430FDDC6A6ED99 /* [CP] Copy Pods Resources */,
			);
			buildRules = (
			);
			dependencies = (
				00E356F51AD99517003FC87E /* PBXTargetDependency */,
			);
			name = AppTestHospitalTests;
			productName = AppTestHospitalTests;
			productReference = 00E356EE1AD99517003FC87E /* AppTestHospitalTests.xctest */;
			productType = "com.apple.product-type.bundle.unit-test";
		};
		13B07F861A680F5B00A75B9A /* AppTestHospital */ = {
			isa = PBXNativeTarget;
			buildConfigurationList = 13B07F931A680F5B00A75B9A /* Build configuration list for PBXNativeTarget "AppTestHospital" */;
			buildPhases = (
				C38B50BA6285516D6DCD4F65 /* [CP] Check Pods Manifest.lock */,
				13B07F871A680F5B00A75B9A /* Sources */,
				13B07F8C1A680F5B00A75B9A /* Frameworks */,
				13B07F8E1A680F5B00A75B9A /* Resources */,
				00DD1BFF1BD5951E006B06BC /* Bundle React Native code and images */,
				00EEFC60759A1932668264C0 /* [CP] Embed Pods Frameworks */,
				E235C05ADACE081382539298 /* [CP] Copy Pods Resources */,
			);
			buildRules = (
			);
			dependencies = (
			);
			name = AppTestHospital;
			productName = AppTestHospital;
			productReference = 189599312CF0DDE700C0DDB4 /* AppTestHospital.app */;
			productType = "com.apple.product-type.application";
		};
/* End PBXNativeTarget section */

/* Begin PBXProject section */
		83CBB9F71A601CBA00E9B192 /* Project object */ = {
			isa = PBXProject;
			attributes = {
				LastUpgradeCheck = 1210;
				TargetAttributes = {
					00E356ED1AD99517003FC87E = {
						CreatedOnToolsVersion = 6.2;
						TestTargetID = 13B07F861A680F5B00A75B9A;
					};
					13B07F861A680F5B00A75B9A = {
						LastSwiftMigration = 1120;
					};
				};
			};
			buildConfigurationList = 83CBB9FA1A601CBA00E9B192 /* Build configuration list for PBXProject "AppTestHospital" */;
			compatibilityVersion = "Xcode 12.0";
			developmentRegion = en;
			hasScannedForEncodings = 0;
			knownRegions = (
				en,
				Base,
			);
			mainGroup = 83CBB9F61A601CBA00E9B192;
			productRefGroup = 83CBBA001A601CBA00E9B192 /* Products */;
			projectDirPath = "";
			projectRoot = "";
			targets = (
				13B07F861A680F5B00A75B9A /* AppTestHospital */,
				00E356ED1AD99517003FC87E /* AppTestHospitalTests */,
			);
		};
/* End PBXProject section */

/* Begin PBXResourcesBuildPhase section */
		00E356EC1AD99517003FC87E /* Resources */ = {
			isa = PBXResourcesBuildPhase;
			buildActionMask = 2147483647;
			files = (
			);
			runOnlyForDeploymentPostprocessing = 0;
		};
		13B07F8E1A680F5B00A75B9A /* Resources */ = {
			isa = PBXResourcesBuildPhase;
			buildActionMask = 2147483647;
			files = (
				81AB9BB82411601600AC10FF /* LaunchScreen.storyboard in Resources */,
				13B07FBF1A68108700A75B9A /* Images.xcassets in Resources */,
				9C4A5F047C34CE0AFBF26DC1 /* PrivacyInfo.xcprivacy in Resources */,
				189599452CF0E1D700C0DDB4 /* FontAwesome5_Brands 2.ttf in Resources */,
				189599462CF0E1D700C0DDB4 /* AntDesign 2.ttf in Resources */,
				189599472CF0E1D700C0DDB4 /* FontAwesome5_Regular 2.ttf in Resources */,
				1895996B2CF0E1EC00C0DDB4 /* Kanit-Black 2.ttf in Resources */,
				1895996C2CF0E1EC00C0DDB4 /* Kanit-ExtraLightItalic 2.ttf in Resources */,
				1895996D2CF0E1EC00C0DDB4 /* Kanit-ExtraBold 2.ttf in Resources */,
				1895996E2CF0E1EC00C0DDB4 /* Kanit-Regular 2.ttf in Resources */,
				1895996F2CF0E1EC00C0DDB4 /* Kanit-SemiBoldItalic 2.ttf in Resources */,
				189599702CF0E1EC00C0DDB4 /* Kanit-BoldItalic 2.ttf in Resources */,
				189599712CF0E1EC00C0DDB4 /* Kanit-SemiBold 2.ttf in Resources */,
				189599722CF0E1EC00C0DDB4 /* Kanit-Thin 2.ttf in Resources */,
				189599732CF0E1EC00C0DDB4 /* OFL 2.txt in Resources */,
				189599742CF0E1EC00C0DDB4 /* Kanit-ThinItalic 2.ttf in Resources */,
				189599752CF0E1EC00C0DDB4 /* Kanit-Light 2.ttf in Resources */,
				189599762CF0E1EC00C0DDB4 /* Kanit-MediumItalic 2.ttf in Resources */,
				189599772CF0E1EC00C0DDB4 /* Kanit-LightItalic 2.ttf in Resources */,
				189599782CF0E1EC00C0DDB4 /* Kanit-Bold 2.ttf in Resources */,
				189599792CF0E1EC00C0DDB4 /* Kanit-Italic 2.ttf in Resources */,
				1895997A2CF0E1EC00C0DDB4 /* Kanit-Medium 2.ttf in Resources */,
				1895997B2CF0E1EC00C0DDB4 /* Kanit-BlackItalic 2.ttf in Resources */,
				1895997C2CF0E1EC00C0DDB4 /* Kanit-ExtraBoldItalic 2.ttf in Resources */,
				1895997D2CF0E1EC00C0DDB4 /* Kanit-ExtraLight 2.ttf in Resources */,
				189599482CF0E1D700C0DDB4 /* FontAwesome6_Regular 2.ttf in Resources */,
				189599492CF0E1D700C0DDB4 /* FontAwesome6_Solid 2.ttf in Resources */,
				1895994A2CF0E1D700C0DDB4 /* MaterialIcons 2.ttf in Resources */,
				1895994B2CF0E1D700C0DDB4 /* FontAwesome6_Brands 2.ttf in Resources */,
				1895994C2CF0E1D700C0DDB4 /* Octicons 2.ttf in Resources */,
				1895994D2CF0E1D700C0DDB4 /* MaterialCommunityIcons 2.ttf in Resources */,
				1895994E2CF0E1D700C0DDB4 /* Foundation 2.ttf in Resources */,
				1895994F2CF0E1D700C0DDB4 /* Feather 2.ttf in Resources */,
				189599502CF0E1D700C0DDB4 /* FontAwesome 2.ttf in Resources */,
				189599512CF0E1D700C0DDB4 /* Ionicons 2.ttf in Resources */,
				189599522CF0E1D700C0DDB4 /* SimpleLineIcons 2.ttf in Resources */,
				189599532CF0E1D700C0DDB4 /* Fontisto 2.ttf in Resources */,
				189599542CF0E1D700C0DDB4 /* Zocial 2.ttf in Resources */,
				189599552CF0E1D700C0DDB4 /* FontAwesome5_Solid 2.ttf in Resources */,
				189599562CF0E1D700C0DDB4 /* EvilIcons 2.ttf in Resources */,
				189599572CF0E1D700C0DDB4 /* Entypo 2.ttf in Resources */,
				0BE60F63A5FD441DA152009B /* Kanit-Black.ttf in Resources */,
				4B2BB68B263C48BA890CCEE6 /* Kanit-BlackItalic.ttf in Resources */,
				1F948FFBA8904C25AEF619AD /* Kanit-Bold.ttf in Resources */,
				9A5160296FDD4438A232F053 /* Kanit-BoldItalic.ttf in Resources */,
				14ECDDCD1A7B45C98FB8EC3A /* Kanit-ExtraBold.ttf in Resources */,
				6C5707DED63142F8AB009301 /* Kanit-ExtraBoldItalic.ttf in Resources */,
				0D6D86CFFCD345F78B770A89 /* Kanit-ExtraLight.ttf in Resources */,
				6FA05F7CAE9547A6AA69EF4A /* Kanit-ExtraLightItalic.ttf in Resources */,
				36AF4E24248F4B3A950EB93D /* Kanit-Italic.ttf in Resources */,
				6BF4CDDE79DD41EABA17A65C /* Kanit-Light.ttf in Resources */,
				BF17DE8B8354477CB7AA1D18 /* Kanit-LightItalic.ttf in Resources */,
				EBE2F32C3D7D4AB0B7CDD58E /* Kanit-Medium.ttf in Resources */,
				79D9A186BECC4C938E956CEF /* Kanit-MediumItalic.ttf in Resources */,
				315E803F580941BBB4824452 /* Kanit-Regular.ttf in Resources */,
				7016CD22B70A4820A4D82191 /* Kanit-SemiBold.ttf in Resources */,
				F72B48C8A63742CA86BEBE1A /* Kanit-SemiBoldItalic.ttf in Resources */,
				82FB2BB69D2649C0B4FA7B87 /* Kanit-Thin.ttf in Resources */,
				EE61D86509CD482CB4BC0BFA /* Kanit-ThinItalic.ttf in Resources */,
				BC30DDAED7AD4F88AF8EA588 /* NotoSansThai-Black.ttf in Resources */,
				948F4C2DC99040D997C6C3AB /* NotoSansThai-Bold.ttf in Resources */,
				FDE8B2DE0F7048A2AC68593A /* NotoSansThai-ExtraBold.ttf in Resources */,
				E088FDD6A40C4AA3B0B21EEB /* NotoSansThai-ExtraLight.ttf in Resources */,
				E2ACAEF3DEA44702829C7B68 /* NotoSansThai-Light.ttf in Resources */,
				5ABAAD54033F4E96837BA80E /* NotoSansThai-Medium.ttf in Resources */,
				79317EA9EAED443AA81DB056 /* NotoSansThai-Regular.ttf in Resources */,
				B952FAB58E47487DA96955FB /* NotoSansThai-SemiBold.ttf in Resources */,
				54FDAFC4FB38459E88B8E3E5 /* NotoSansThai-Thin.ttf in Resources */,
				244BB6CAF0C54CC19F394BD7 /* Roboto-Black.ttf in Resources */,
				318EFF782FFA4AAEB7A2489E /* Roboto-BlackItalic.ttf in Resources */,
				AB55895DF1744D1CAF55874A /* Roboto-Bold.ttf in Resources */,
				C24DEF076B2F4129BA106221 /* Roboto-BoldItalic.ttf in Resources */,
				5BFD9E77E41C452CB689E1AA /* Roboto-Italic.ttf in Resources */,
				8F309CF7FBD0427DABE7F5EB /* Roboto-Light.ttf in Resources */,
				21AA9349F54440F199365375 /* Roboto-LightItalic.ttf in Resources */,
				66E0BB0311F149A8971D2E0E /* Roboto-Medium.ttf in Resources */,
				FFC535C1FFBD4030948FAB4D /* Roboto-MediumItalic.ttf in Resources */,
				DEF450B082A448C1B45DE4D4 /* Roboto-Regular.ttf in Resources */,
				7340807228E2456AAF2082B7 /* Roboto-Thin.ttf in Resources */,
				B0E18BE0BC2446008B93953B /* Roboto-ThinItalic.ttf in Resources */,
				C9EA905F4C14426EB9D46A26 /* OFL.txt in Resources */,
			);
			runOnlyForDeploymentPostprocessing = 0;
		};
/* End PBXResourcesBuildPhase section */

/* Begin PBXShellScriptBuildPhase section */
		00DD1BFF1BD5951E006B06BC /* Bundle React Native code and images */ = {
			isa = PBXShellScriptBuildPhase;
			buildActionMask = 2147483647;
			files = (
			);
			inputPaths = (
				"$(SRCROOT)/.xcode.env.local",
				"$(SRCROOT)/.xcode.env",
			);
			name = "Bundle React Native code and images";
			outputPaths = (
			);
			runOnlyForDeploymentPostprocessing = 0;
			shellPath = /bin/sh;
			shellScript = "set -e\n\nWITH_ENVIRONMENT=\"$REACT_NATIVE_PATH/scripts/xcode/with-environment.sh\"\nREACT_NATIVE_XCODE=\"$REACT_NATIVE_PATH/scripts/react-native-xcode.sh\"\n\n/bin/sh -c \"$WITH_ENVIRONMENT $REACT_NATIVE_XCODE\"\n";
		};
		00EEFC60759A1932668264C0 /* [CP] Embed Pods Frameworks */ = {
			isa = PBXShellScriptBuildPhase;
			buildActionMask = 2147483647;
			files = (
			);
			inputFileListPaths = (
				"${PODS_ROOT}/Target Support Files/Pods-AppTestHospital/Pods-AppTestHospital-frameworks-${CONFIGURATION}-input-files.xcfilelist",
			);
			name = "[CP] Embed Pods Frameworks";
			outputFileListPaths = (
				"${PODS_ROOT}/Target Support Files/Pods-AppTestHospital/Pods-AppTestHospital-frameworks-${CONFIGURATION}-output-files.xcfilelist",
			);
			runOnlyForDeploymentPostprocessing = 0;
			shellPath = /bin/sh;
			shellScript = "\"${PODS_ROOT}/Target Support Files/Pods-AppTestHospital/Pods-AppTestHospital-frameworks.sh\"\n";
			showEnvVarsInLog = 0;
		};
		A55EABD7B0C7F3A422A6CC61 /* [CP] Check Pods Manifest.lock */ = {
			isa = PBXShellScriptBuildPhase;
			buildActionMask = 2147483647;
			files = (
			);
			inputFileListPaths = (
			);
			inputPaths = (
				"${PODS_PODFILE_DIR_PATH}/Podfile.lock",
				"${PODS_ROOT}/Manifest.lock",
			);
			name = "[CP] Check Pods Manifest.lock";
			outputFileListPaths = (
			);
			outputPaths = (
				"$(DERIVED_FILE_DIR)/Pods-AppTestHospital-AppTestHospitalTests-checkManifestLockResult.txt",
			);
			runOnlyForDeploymentPostprocessing = 0;
			shellPath = /bin/sh;
			shellScript = "diff \"${PODS_PODFILE_DIR_PATH}/Podfile.lock\" \"${PODS_ROOT}/Manifest.lock\" > /dev/null\nif [ $? != 0 ] ; then\n    # print error to STDERR\n    echo \"error: The sandbox is not in sync with the Podfile.lock. Run 'pod install' or update your CocoaPods installation.\" >&2\n    exit 1\nfi\n# This output is used by Xcode 'outputs' to avoid re-running this script phase.\necho \"SUCCESS\" > \"${SCRIPT_OUTPUT_FILE_0}\"\n";
			showEnvVarsInLog = 0;
		};
		C38B50BA6285516D6DCD4F65 /* [CP] Check Pods Manifest.lock */ = {
			isa = PBXShellScriptBuildPhase;
			buildActionMask = 2147483647;
			files = (
			);
			inputFileListPaths = (
			);
			inputPaths = (
				"${PODS_PODFILE_DIR_PATH}/Podfile.lock",
				"${PODS_ROOT}/Manifest.lock",
			);
			name = "[CP] Check Pods Manifest.lock";
			outputFileListPaths = (
			);
			outputPaths = (
				"$(DERIVED_FILE_DIR)/Pods-AppTestHospital-checkManifestLockResult.txt",
			);
			runOnlyForDeploymentPostprocessing = 0;
			shellPath = /bin/sh;
			shellScript = "diff \"${PODS_PODFILE_DIR_PATH}/Podfile.lock\" \"${PODS_ROOT}/Manifest.lock\" > /dev/null\nif [ $? != 0 ] ; then\n    # print error to STDERR\n    echo \"error: The sandbox is not in sync with the Podfile.lock. Run 'pod install' or update your CocoaPods installation.\" >&2\n    exit 1\nfi\n# This output is used by Xcode 'outputs' to avoid re-running this script phase.\necho \"SUCCESS\" > \"${SCRIPT_OUTPUT_FILE_0}\"\n";
			showEnvVarsInLog = 0;
		};
		C59DA0FBD6956966B86A3779 /* [CP] Embed Pods Frameworks */ = {
			isa = PBXShellScriptBuildPhase;
			buildActionMask = 2147483647;
			files = (
			);
			inputFileListPaths = (
				"${PODS_ROOT}/Target Support Files/Pods-AppTestHospital-AppTestHospitalTests/Pods-AppTestHospital-AppTestHospitalTests-frameworks-${CONFIGURATION}-input-files.xcfilelist",
			);
			name = "[CP] Embed Pods Frameworks";
			outputFileListPaths = (
				"${PODS_ROOT}/Target Support Files/Pods-AppTestHospital-AppTestHospitalTests/Pods-AppTestHospital-AppTestHospitalTests-frameworks-${CONFIGURATION}-output-files.xcfilelist",
			);
			runOnlyForDeploymentPostprocessing = 0;
			shellPath = /bin/sh;
			shellScript = "\"${PODS_ROOT}/Target Support Files/Pods-AppTestHospital-AppTestHospitalTests/Pods-AppTestHospital-AppTestHospitalTests-frameworks.sh\"\n";
			showEnvVarsInLog = 0;
		};
		E235C05ADACE081382539298 /* [CP] Copy Pods Resources */ = {
			isa = PBXShellScriptBuildPhase;
			buildActionMask = 2147483647;
			files = (
			);
			inputFileListPaths = (
				"${PODS_ROOT}/Target Support Files/Pods-AppTestHospital/Pods-AppTestHospital-resources-${CONFIGURATION}-input-files.xcfilelist",
			);
			name = "[CP] Copy Pods Resources";
			outputFileListPaths = (
				"${PODS_ROOT}/Target Support Files/Pods-AppTestHospital/Pods-AppTestHospital-resources-${CONFIGURATION}-output-files.xcfilelist",
			);
			runOnlyForDeploymentPostprocessing = 0;
			shellPath = /bin/sh;
			shellScript = "\"${PODS_ROOT}/Target Support Files/Pods-AppTestHospital/Pods-AppTestHospital-resources.sh\"\n";
			showEnvVarsInLog = 0;
		};
		F6A41C54EA430FDDC6A6ED99 /* [CP] Copy Pods Resources */ = {
			isa = PBXShellScriptBuildPhase;
			buildActionMask = 2147483647;
			files = (
			);
			inputFileListPaths = (
				"${PODS_ROOT}/Target Support Files/Pods-AppTestHospital-AppTestHospitalTests/Pods-AppTestHospital-AppTestHospitalTests-resources-${CONFIGURATION}-input-files.xcfilelist",
			);
			name = "[CP] Copy Pods Resources";
			outputFileListPaths = (
				"${PODS_ROOT}/Target Support Files/Pods-AppTestHospital-AppTestHospitalTests/Pods-AppTestHospital-AppTestHospitalTests-resources-${CONFIGURATION}-output-files.xcfilelist",
			);
			runOnlyForDeploymentPostprocessing = 0;
			shellPath = /bin/sh;
			shellScript = "\"${PODS_ROOT}/Target Support Files/Pods-AppTestHospital-AppTestHospitalTests/Pods-AppTestHospital-AppTestHospitalTests-resources.sh\"\n";
			showEnvVarsInLog = 0;
		};
/* End PBXShellScriptBuildPhase section */

/* Begin PBXSourcesBuildPhase section */
		00E356EA1AD99517003FC87E /* Sources */ = {
			isa = PBXSourcesBuildPhase;
			buildActionMask = 2147483647;
			files = (
				00E356F31AD99517003FC87E /* AppTestHospitalTests.m in Sources */,
			);
			runOnlyForDeploymentPostprocessing = 0;
		};
		13B07F871A680F5B00A75B9A /* Sources */ = {
			isa = PBXSourcesBuildPhase;
			buildActionMask = 2147483647;
			files = (
				13B07FBC1A68108700A75B9A /* AppDelegate.mm in Sources */,
				13B07FC11A68108700A75B9A /* main.m in Sources */,
			);
			runOnlyForDeploymentPostprocessing = 0;
		};
/* End PBXSourcesBuildPhase section */

/* Begin PBXTargetDependency section */
		00E356F51AD99517003FC87E /* PBXTargetDependency */ = {
			isa = PBXTargetDependency;
			target = 13B07F861A680F5B00A75B9A /* AppTestHospital */;
			targetProxy = 00E356F41AD99517003FC87E /* PBXContainerItemProxy */;
		};
/* End PBXTargetDependency section */

/* Begin XCBuildConfiguration section */
		00E356F61AD99517003FC87E /* Debug */ = {
			isa = XCBuildConfiguration;
			baseConfigurationReference = 5B7EB9410499542E8C5724F5 /* Pods-AppTestHospital-AppTestHospitalTests.debug.xcconfig */;
			buildSettings = {
				BUNDLE_LOADER = "$(TEST_HOST)";
				GCC_PREPROCESSOR_DEFINITIONS = (
					"DEBUG=1",
					"$(inherited)",
				);
				INFOPLIST_FILE = AppTestHospitalTests/Info.plist;
				IPHONEOS_DEPLOYMENT_TARGET = 15.1;
				LD_RUNPATH_SEARCH_PATHS = (
					"$(inherited)",
					"@executable_path/Frameworks",
					"@loader_path/Frameworks",
				);
				OTHER_LDFLAGS = (
					"-ObjC",
					"-lc++",
					"$(inherited)",
				);
				PRODUCT_BUNDLE_IDENTIFIER = "org.reactjs.native.example.$(PRODUCT_NAME:rfc1034identifier)";
				PRODUCT_NAME = "$(TARGET_NAME)";
				TEST_HOST = "$(BUILT_PRODUCTS_DIR)/AppTestHospital.app/AppTestHospital";
			};
			name = Debug;
		};
		00E356F71AD99517003FC87E /* Release */ = {
			isa = XCBuildConfiguration;
			baseConfigurationReference = 89C6BE57DB24E9ADA2F236DE /* Pods-AppTestHospital-AppTestHospitalTests.release.xcconfig */;
			buildSettings = {
				BUNDLE_LOADER = "$(TEST_HOST)";
				COPY_PHASE_STRIP = NO;
				INFOPLIST_FILE = AppTestHospitalTests/Info.plist;
				IPHONEOS_DEPLOYMENT_TARGET = 15.1;
				LD_RUNPATH_SEARCH_PATHS = (
					"$(inherited)",
					"@executable_path/Frameworks",
					"@loader_path/Frameworks",
				);
				OTHER_LDFLAGS = (
					"-ObjC",
					"-lc++",
					"$(inherited)",
				);
				PRODUCT_BUNDLE_IDENTIFIER = "org.reactjs.native.example.$(PRODUCT_NAME:rfc1034identifier)";
				PRODUCT_NAME = "$(TARGET_NAME)";
				TEST_HOST = "$(BUILT_PRODUCTS_DIR)/AppTestHospital.app/AppTestHospital";
			};
			name = Release;
		};
		13B07F941A680F5B00A75B9A /* Debug */ = {
			isa = XCBuildConfiguration;
			baseConfigurationReference = 3B4392A12AC88292D35C810B /* Pods-AppTestHospital.debug.xcconfig */;
			buildSettings = {
				ASSETCATALOG_COMPILER_APPICON_NAME = AppIcon;
				CLANG_ENABLE_MODULES = YES;
				CURRENT_PROJECT_VERSION = 1;
				ENABLE_BITCODE = NO;
				INFOPLIST_FILE = AppTestHospital/Info.plist;
				IPHONEOS_DEPLOYMENT_TARGET = 15.1;
				LD_RUNPATH_SEARCH_PATHS = (
					"$(inherited)",
					"@executable_path/Frameworks",
				);
				MARKETING_VERSION = 1.0;
				OTHER_LDFLAGS = (
					"$(inherited)",
					"-ObjC",
					"-lc++",
				);
				PRODUCT_BUNDLE_IDENTIFIER = "org.reactjs.native.example.$(PRODUCT_NAME:rfc1034identifier)";
				PRODUCT_NAME = AppTestHospital;
				SWIFT_OPTIMIZATION_LEVEL = "-Onone";
				SWIFT_VERSION = 5.0;
				VERSIONING_SYSTEM = "apple-generic";
			};
			name = Debug;
		};
		13B07F951A680F5B00A75B9A /* Release */ = {
			isa = XCBuildConfiguration;
			baseConfigurationReference = 5709B34CF0A7D63546082F79 /* Pods-AppTestHospital.release.xcconfig */;
			buildSettings = {
				ASSETCATALOG_COMPILER_APPICON_NAME = AppIcon;
				CLANG_ENABLE_MODULES = YES;
				CURRENT_PROJECT_VERSION = 1;
				INFOPLIST_FILE = AppTestHospital/Info.plist;
				IPHONEOS_DEPLOYMENT_TARGET = 15.1;
				LD_RUNPATH_SEARCH_PATHS = (
					"$(inherited)",
					"@executable_path/Frameworks",
				);
				MARKETING_VERSION = 1.0;
				OTHER_LDFLAGS = (
					"$(inherited)",
					"-ObjC",
					"-lc++",
				);
				PRODUCT_BUNDLE_IDENTIFIER = "org.reactjs.native.example.$(PRODUCT_NAME:rfc1034identifier)";
				PRODUCT_NAME = AppTestHospital;
				SWIFT_VERSION = 5.0;
				VERSIONING_SYSTEM = "apple-generic";
			};
			name = Release;
		};
		83CBBA201A601CBA00E9B192 /* Debug */ = {
			isa = XCBuildConfiguration;
			buildSettings = {
				ALWAYS_SEARCH_USER_PATHS = NO;
				CLANG_ANALYZER_LOCALIZABILITY_NONLOCALIZED = YES;
				CLANG_CXX_LANGUAGE_STANDARD = "c++20";
				CLANG_CXX_LIBRARY = "libc++";
				CLANG_ENABLE_MODULES = YES;
				CLANG_ENABLE_OBJC_ARC = YES;
				CLANG_WARN_BLOCK_CAPTURE_AUTORELEASING = YES;
				CLANG_WARN_BOOL_CONVERSION = YES;
				CLANG_WARN_COMMA = YES;
				CLANG_WARN_CONSTANT_CONVERSION = YES;
				CLANG_WARN_DEPRECATED_OBJC_IMPLEMENTATIONS = YES;
				CLANG_WARN_DIRECT_OBJC_ISA_USAGE = YES_ERROR;
				CLANG_WARN_EMPTY_BODY = YES;
				CLANG_WARN_ENUM_CONVERSION = YES;
				CLANG_WARN_INFINITE_RECURSION = YES;
				CLANG_WARN_INT_CONVERSION = YES;
				CLANG_WARN_NON_LITERAL_NULL_CONVERSION = YES;
				CLANG_WARN_OBJC_IMPLICIT_RETAIN_SELF = YES;
				CLANG_WARN_OBJC_LITERAL_CONVERSION = YES;
				CLANG_WARN_OBJC_ROOT_CLASS = YES_ERROR;
				CLANG_WARN_QUOTED_INCLUDE_IN_FRAMEWORK_HEADER = YES;
				CLANG_WARN_RANGE_LOOP_ANALYSIS = YES;
				CLANG_WARN_STRICT_PROTOTYPES = YES;
				CLANG_WARN_SUSPICIOUS_MOVE = YES;
				CLANG_WARN_UNREACHABLE_CODE = YES;
				CLANG_WARN__DUPLICATE_METHOD_MATCH = YES;
				"CODE_SIGN_IDENTITY[sdk=iphoneos*]" = "iPhone Developer";
				COPY_PHASE_STRIP = NO;
				ENABLE_STRICT_OBJC_MSGSEND = YES;
				ENABLE_TESTABILITY = YES;
				"EXCLUDED_ARCHS[sdk=iphonesimulator*]" = "";
				GCC_C_LANGUAGE_STANDARD = gnu99;
				GCC_DYNAMIC_NO_PIC = NO;
				GCC_NO_COMMON_BLOCKS = YES;
				GCC_OPTIMIZATION_LEVEL = 0;
				GCC_PREPROCESSOR_DEFINITIONS = (
					"DEBUG=1",
					"$(inherited)",
				);
				GCC_SYMBOLS_PRIVATE_EXTERN = NO;
				GCC_WARN_64_TO_32_BIT_CONVERSION = YES;
				GCC_WARN_ABOUT_RETURN_TYPE = YES_ERROR;
				GCC_WARN_UNDECLARED_SELECTOR = YES;
				GCC_WARN_UNINITIALIZED_AUTOS = YES_AGGRESSIVE;
				GCC_WARN_UNUSED_FUNCTION = YES;
				GCC_WARN_UNUSED_VARIABLE = YES;
				IPHONEOS_DEPLOYMENT_TARGET = 15.1;
				LD_RUNPATH_SEARCH_PATHS = (
					/usr/lib/swift,
					"$(inherited)",
				);
				LIBRARY_SEARCH_PATHS = (
					"\"$(SDKROOT)/usr/lib/swift\"",
					"\"$(TOOLCHAIN_DIR)/usr/lib/swift/$(PLATFORM_NAME)\"",
					"\"$(inherited)\"",
				);
				MTL_ENABLE_DEBUG_INFO = YES;
				ONLY_ACTIVE_ARCH = YES;
				OTHER_CPLUSPLUSFLAGS = (
					"$(OTHER_CFLAGS)",
					"-DFOLLY_NO_CONFIG",
					"-DFOLLY_MOBILE=1",
					"-DFOLLY_USE_LIBCPP=1",
					"-DFOLLY_CFG_NO_COROUTINES=1",
					"-DFOLLY_HAVE_CLOCK_GETTIME=1",
				);
				OTHER_LDFLAGS = (
					"$(inherited)",
					" ",
				);
				REACT_NATIVE_PATH = "${PODS_ROOT}/../../node_modules/react-native";
				SDKROOT = iphoneos;
				SWIFT_ACTIVE_COMPILATION_CONDITIONS = "$(inherited) DEBUG";
				USE_HERMES = true;
			};
			name = Debug;
		};
		83CBBA211A601CBA00E9B192 /* Release */ = {
			isa = XCBuildConfiguration;
			buildSettings = {
				ALWAYS_SEARCH_USER_PATHS = NO;
				CLANG_ANALYZER_LOCALIZABILITY_NONLOCALIZED = YES;
				CLANG_CXX_LANGUAGE_STANDARD = "c++20";
				CLANG_CXX_LIBRARY = "libc++";
				CLANG_ENABLE_MODULES = YES;
				CLANG_ENABLE_OBJC_ARC = YES;
				CLANG_WARN_BLOCK_CAPTURE_AUTORELEASING = YES;
				CLANG_WARN_BOOL_CONVERSION = YES;
				CLANG_WARN_COMMA = YES;
				CLANG_WARN_CONSTANT_CONVERSION = YES;
				CLANG_WARN_DEPRECATED_OBJC_IMPLEMENTATIONS = YES;
				CLANG_WARN_DIRECT_OBJC_ISA_USAGE = YES_ERROR;
				CLANG_WARN_EMPTY_BODY = YES;
				CLANG_WARN_ENUM_CONVERSION = YES;
				CLANG_WARN_INFINITE_RECURSION = YES;
				CLANG_WARN_INT_CONVERSION = YES;
				CLANG_WARN_NON_LITERAL_NULL_CONVERSION = YES;
				CLANG_WARN_OBJC_IMPLICIT_RETAIN_SELF = YES;
				CLANG_WARN_OBJC_LITERAL_CONVERSION = YES;
				CLANG_WARN_OBJC_ROOT_CLASS = YES_ERROR;
				CLANG_WARN_QUOTED_INCLUDE_IN_FRAMEWORK_HEADER = YES;
				CLANG_WARN_RANGE_LOOP_ANALYSIS = YES;
				CLANG_WARN_STRICT_PROTOTYPES = YES;
				CLANG_WARN_SUSPICIOUS_MOVE = YES;
				CLANG_WARN_UNREACHABLE_CODE = YES;
				CLANG_WARN__DUPLICATE_METHOD_MATCH = YES;
				"CODE_SIGN_IDENTITY[sdk=iphoneos*]" = "iPhone Developer";
				COPY_PHASE_STRIP = YES;
				ENABLE_NS_ASSERTIONS = NO;
				ENABLE_STRICT_OBJC_MSGSEND = YES;
				"EXCLUDED_ARCHS[sdk=iphonesimulator*]" = "";
				GCC_C_LANGUAGE_STANDARD = gnu99;
				GCC_NO_COMMON_BLOCKS = YES;
				GCC_WARN_64_TO_32_BIT_CONVERSION = YES;
				GCC_WARN_ABOUT_RETURN_TYPE = YES_ERROR;
				GCC_WARN_UNDECLARED_SELECTOR = YES;
				GCC_WARN_UNINITIALIZED_AUTOS = YES_AGGRESSIVE;
				GCC_WARN_UNUSED_FUNCTION = YES;
				GCC_WARN_UNUSED_VARIABLE = YES;
				IPHONEOS_DEPLOYMENT_TARGET = 15.1;
				LD_RUNPATH_SEARCH_PATHS = (
					/usr/lib/swift,
					"$(inherited)",
				);
				LIBRARY_SEARCH_PATHS = (
					"\"$(SDKROOT)/usr/lib/swift\"",
					"\"$(TOOLCHAIN_DIR)/usr/lib/swift/$(PLATFORM_NAME)\"",
					"\"$(inherited)\"",
				);
				MTL_ENABLE_DEBUG_INFO = NO;
				OTHER_CPLUSPLUSFLAGS = (
					"$(OTHER_CFLAGS)",
					"-DFOLLY_NO_CONFIG",
					"-DFOLLY_MOBILE=1",
					"-DFOLLY_USE_LIBCPP=1",
					"-DFOLLY_CFG_NO_COROUTINES=1",
					"-DFOLLY_HAVE_CLOCK_GETTIME=1",
				);
				OTHER_LDFLAGS = (
					"$(inherited)",
					" ",
				);
				REACT_NATIVE_PATH = "${PODS_ROOT}/../../node_modules/react-native";
				SDKROOT = iphoneos;
				USE_HERMES = true;
				VALIDATE_PRODUCT = YES;
			};
			name = Release;
		};
/* End XCBuildConfiguration section */

/* Begin XCConfigurationList section */
		00E357021AD99517003FC87E /* Build configuration list for PBXNativeTarget "AppTestHospitalTests" */ = {
			isa = XCConfigurationList;
			buildConfigurations = (
				00E356F61AD99517003FC87E /* Debug */,
				00E356F71AD99517003FC87E /* Release */,
			);
			defaultConfigurationIsVisible = 0;
			defaultConfigurationName = Release;
		};
		13B07F931A680F5B00A75B9A /* Build configuration list for PBXNativeTarget "AppTestHospital" */ = {
			isa = XCConfigurationList;
			buildConfigurations = (
				13B07F941A680F5B00A75B9A /* Debug */,
				13B07F951A680F5B00A75B9A /* Release */,
			);
			defaultConfigurationIsVisible = 0;
			defaultConfigurationName = Release;
		};
		83CBB9FA1A601CBA00E9B192 /* Build configuration list for PBXProject "AppTestHospital" */ = {
			isa = XCConfigurationList;
			buildConfigurations = (
				83CBBA201A601CBA00E9B192 /* Debug */,
				83CBBA211A601CBA00E9B192 /* Release */,
			);
			defaultConfigurationIsVisible = 0;
			defaultConfigurationName = Release;
		};
/* End XCConfigurationList section */
	};
	rootObject = 83CBB9F71A601CBA00E9B192 /* Project object */;
}
